
Microsoft Visual Studio Solution File, Format Version 12.00
# Visual Studio Version 17
VisualStudioVersion = 17.0.31903.59
MinimumVisualStudioVersion = 10.0.40219.1
Project("{2150E333-8FDC-42A3-9474-1A3956D46DE8}") = "src", "src", "{981D1466-4F39-486C-80FC-94CE0CC78129}"
EndProject
Project("{FAE04EC0-301F-11D3-BF4B-00C04F79EFBC}") = "blazor-test-web", "src\blazor-test-web\blazor-test-web.csproj", "{04D645DC-EAC6-4EE4-9C42-52C1B2228927}"
EndProject
Global
	GlobalSection(SolutionConfigurationPlatforms) = preSolution
		Debug|Any CPU = Debug|Any CPU
		Release|Any CPU = Release|Any CPU
	EndGlobalSection
	GlobalSection(SolutionProperties) = preSolution
		HideSolutionNode = FALSE
	EndGlobalSection
	GlobalSection(ProjectConfigurationPlatforms) = postSolution
		{04D645DC-EAC6-4EE4-9C42-52C1B2228927}.Debug|Any CPU.ActiveCfg = Debug|Any CPU
		{04D645DC-EAC6-4EE4-9C42-52C1B2228927}.Debug|Any CPU.Build.0 = Debug|Any CPU
		{04D645DC-EAC6-4EE4-9C42-52C1B2228927}.Release|Any CPU.ActiveCfg = Release|Any CPU
		{04D645DC-EAC6-4EE4-9C42-52C1B2228927}.Release|Any CPU.Build.0 = Release|Any CPU
	EndGlobalSection
	GlobalSection(NestedProjects) = preSolution
		{04D645DC-EAC6-4EE4-9C42-52C1B2228927} = {981D1466-4F39-486C-80FC-94CE0CC78129}
	EndGlobalSection
EndGlobal
